
Microsoft Visual Studio Solution File, Format Version 12.00
# Visual Studio Version 17
VisualStudioVersion = 17.0.31903.59
MinimumVisualStudioVersion = 10.0.40219.1
Project("{2150E333-8FDC-42A3-9474-1A3956D46DE8}") = "src", "src", "{827E0CD3-B72D-47B6-A68D-7590B98EB39B}"
EndProject
Project("{FAE04EC0-301F-11D3-BF4B-00C04F79EFBC}") = "Ledger.Api", "src\Ledger.Api\Ledger.Api.csproj", "{DFE0AF42-CBCE-415C-AED3-917C2536663D}"
EndProject
Project("{FAE04EC0-301F-11D3-BF4B-00C04F79EFBC}") = "Ledger.Application", "src\Ledger.Application\Ledger.Application.csproj", "{130731F1-D1ED-4989-8C39-E1981FBB0121}"
EndProject
Project("{FAE04EC0-301F-11D3-BF4B-00C04F79EFBC}") = "Ledger.Domain", "src\Ledger.Domain\Ledger.Domain.csproj", "{E012A6E2-31EE-4A06-BC2D-1424DB88000A}"
EndProject
Project("{FAE04EC0-301F-11D3-BF4B-00C04F79EFBC}") = "Ledger.Infrastructure", "src\Ledger.Infrastructure\Ledger.Infrastructure.csproj", "{F1AE895A-A44C-40A3-B327-67CEE883B0A0}"
EndProject
Project("{FAE04EC0-301F-11D3-BF4B-00C04F79EFBC}") = "Ledger.MockRail", "src\Ledger.MockRail\Ledger.MockRail.csproj", "{4E4EE37B-9898-41CF-90ED-E9D4934AD53F}"
EndProject
Global
	GlobalSection(SolutionConfigurationPlatforms) = preSolution
		Debug|Any CPU = Debug|Any CPU
		Debug|x64 = Debug|x64
		Debug|x86 = Debug|x86
		Release|Any CPU = Release|Any CPU
		Release|x64 = Release|x64
		Release|x86 = Release|x86
	EndGlobalSection
	GlobalSection(ProjectConfigurationPlatforms) = postSolution
		{DFE0AF42-CBCE-415C-AED3-917C2536663D}.Debug|Any CPU.ActiveCfg = Debug|Any CPU
		{DFE0AF42-CBCE-415C-AED3-917C2536663D}.Debug|Any CPU.Build.0 = Debug|Any CPU
		{DFE0AF42-CBCE-415C-AED3-917C2536663D}.Debug|x64.ActiveCfg = Debug|Any CPU
		{DFE0AF42-CBCE-415C-AED3-917C2536663D}.Debug|x64.Build.0 = Debug|Any CPU
		{DFE0AF42-CBCE-415C-AED3-917C2536663D}.Debug|x86.ActiveCfg = Debug|Any CPU
		{DFE0AF42-CBCE-415C-AED3-917C2536663D}.Debug|x86.Build.0 = Debug|Any CPU
		{DFE0AF42-CBCE-415C-AED3-917C2536663D}.Release|Any CPU.ActiveCfg = Release|Any CPU
		{DFE0AF42-CBCE-415C-AED3-917C2536663D}.Release|Any CPU.Build.0 = Release|Any CPU
		{DFE0AF42-CBCE-415C-AED3-917C2536663D}.Release|x64.ActiveCfg = Release|Any CPU
		{DFE0AF42-CBCE-415C-AED3-917C2536663D}.Release|x64.Build.0 = Release|Any CPU
		{DFE0AF42-CBCE-415C-AED3-917C2536663D}.Release|x86.ActiveCfg = Release|Any CPU
		{DFE0AF42-CBCE-415C-AED3-917C2536663D}.Release|x86.Build.0 = Release|Any CPU
		{130731F1-D1ED-4989-8C39-E1981FBB0121}.Debug|Any CPU.ActiveCfg = Debug|Any CPU
		{130731F1-D1ED-4989-8C39-E1981FBB0121}.Debug|Any CPU.Build.0 = Debug|Any CPU
		{130731F1-D1ED-4989-8C39-E1981FBB0121}.Debug|x64.ActiveCfg = Debug|Any CPU
		{130731F1-D1ED-4989-8C39-E1981FBB0121}.Debug|x64.Build.0 = Debug|Any CPU
		{130731F1-D1ED-4989-8C39-E1981FBB0121}.Debug|x86.ActiveCfg = Debug|Any CPU
		{130731F1-D1ED-4989-8C39-E1981FBB0121}.Debug|x86.Build.0 = Debug|Any CPU
		{130731F1-D1ED-4989-8C39-E1981FBB0121}.Release|Any CPU.ActiveCfg = Release|Any CPU
		{130731F1-D1ED-4989-8C39-E1981FBB0121}.Release|Any CPU.Build.0 = Release|Any CPU
		{130731F1-D1ED-4989-8C39-E1981FBB0121}.Release|x64.ActiveCfg = Release|Any CPU
		{130731F1-D1ED-4989-8C39-E1981FBB0121}.Release|x64.Build.0 = Release|Any CPU
		{130731F1-D1ED-4989-8C39-E1981FBB0121}.Release|x86.ActiveCfg = Release|Any CPU
		{130731F1-D1ED-4989-8C39-E1981FBB0121}.Release|x86.Build.0 = Release|Any CPU
		{E012A6E2-31EE-4A06-BC2D-1424DB88000A}.Debug|Any CPU.ActiveCfg = Debug|Any CPU
		{E012A6E2-31EE-4A06-BC2D-1424DB88000A}.Debug|Any CPU.Build.0 = Debug|Any CPU
		{E012A6E2-31EE-4A06-BC2D-1424DB88000A}.Debug|x64.ActiveCfg = Debug|Any CPU
		{E012A6E2-31EE-4A06-BC2D-1424DB88000A}.Debug|x64.Build.0 = Debug|Any CPU
		{E012A6E2-31EE-4A06-BC2D-1424DB88000A}.Debug|x86.ActiveCfg = Debug|Any CPU
		{E012A6E2-31EE-4A06-BC2D-1424DB88000A}.Debug|x86.Build.0 = Debug|Any CPU
		{E012A6E2-31EE-4A06-BC2D-1424DB88000A}.Release|Any CPU.ActiveCfg = Release|Any CPU
		{E012A6E2-31EE-4A06-BC2D-1424DB88000A}.Release|Any CPU.Build.0 = Release|Any CPU
		{E012A6E2-31EE-4A06-BC2D-1424DB88000A}.Release|x64.ActiveCfg = Release|Any CPU
		{E012A6E2-31EE-4A06-BC2D-1424DB88000A}.Release|x64.Build.0 = Release|Any CPU
		{E012A6E2-31EE-4A06-BC2D-1424DB88000A}.Release|x86.ActiveCfg = Release|Any CPU
		{E012A6E2-31EE-4A06-BC2D-1424DB88000A}.Release|x86.Build.0 = Release|Any CPU
		{F1AE895A-A44C-40A3-B327-67CEE883B0A0}.Debug|Any CPU.ActiveCfg = Debug|Any CPU
		{F1AE895A-A44C-40A3-B327-67CEE883B0A0}.Debug|Any CPU.Build.0 = Debug|Any CPU
		{F1AE895A-A44C-40A3-B327-67CEE883B0A0}.Debug|x64.ActiveCfg = Debug|Any CPU
		{F1AE895A-A44C-40A3-B327-67CEE883B0A0}.Debug|x64.Build.0 = Debug|Any CPU
		{F1AE895A-A44C-40A3-B327-67CEE883B0A0}.Debug|x86.ActiveCfg = Debug|Any CPU
		{F1AE895A-A44C-40A3-B327-67CEE883B0A0}.Debug|x86.Build.0 = Debug|Any CPU
		{F1AE895A-A44C-40A3-B327-67CEE883B0A0}.Release|Any CPU.ActiveCfg = Release|Any CPU
		{F1AE895A-A44C-40A3-B327-67CEE883B0A0}.Release|Any CPU.Build.0 = Release|Any CPU
		{F1AE895A-A44C-40A3-B327-67CEE883B0A0}.Release|x64.ActiveCfg = Release|Any CPU
		{F1AE895A-A44C-40A3-B327-67CEE883B0A0}.Release|x64.Build.0 = Release|Any CPU
		{F1AE895A-A44C-40A3-B327-67CEE883B0A0}.Release|x86.ActiveCfg = Release|Any CPU
		{F1AE895A-A44C-40A3-B327-67CEE883B0A0}.Release|x86.Build.0 = Release|Any CPU
		{4E4EE37B-9898-41CF-90ED-E9D4934AD53F}.Debug|Any CPU.ActiveCfg = Debug|Any CPU
		{4E4EE37B-9898-41CF-90ED-E9D4934AD53F}.Debug|Any CPU.Build.0 = Debug|Any CPU
		{4E4EE37B-9898-41CF-90ED-E9D4934AD53F}.Debug|x64.ActiveCfg = Debug|Any CPU
		{4E4EE37B-9898-41CF-90ED-E9D4934AD53F}.Debug|x64.Build.0 = Debug|Any CPU
		{4E4EE37B-9898-41CF-90ED-E9D4934AD53F}.Debug|x86.ActiveCfg = Debug|Any CPU
		{4E4EE37B-9898-41CF-90ED-E9D4934AD53F}.Debug|x86.Build.0 = Debug|Any CPU
		{4E4EE37B-9898-41CF-90ED-E9D4934AD53F}.Release|Any CPU.ActiveCfg = Release|Any CPU
		{4E4EE37B-9898-41CF-90ED-E9D4934AD53F}.Release|Any CPU.Build.0 = Release|Any CPU
		{4E4EE37B-9898-41CF-90ED-E9D4934AD53F}.Release|x64.ActiveCfg = Release|Any CPU
		{4E4EE37B-9898-41CF-90ED-E9D4934AD53F}.Release|x64.Build.0 = Release|Any CPU
		{4E4EE37B-9898-41CF-90ED-E9D4934AD53F}.Release|x86.ActiveCfg = Release|Any CPU
		{4E4EE37B-9898-41CF-90ED-E9D4934AD53F}.Release|x86.Build.0 = Release|Any CPU
	EndGlobalSection
	GlobalSection(SolutionProperties) = preSolution
		HideSolutionNode = FALSE
	EndGlobalSection
	GlobalSection(NestedProjects) = preSolution
		{DFE0AF42-CBCE-415C-AED3-917C2536663D} = {827E0CD3-B72D-47B6-A68D-7590B98EB39B}
		{130731F1-D1ED-4989-8C39-E1981FBB0121} = {827E0CD3-B72D-47B6-A68D-7590B98EB39B}
		{E012A6E2-31EE-4A06-BC2D-1424DB88000A} = {827E0CD3-B72D-47B6-A68D-7590B98EB39B}
		{F1AE895A-A44C-40A3-B327-67CEE883B0A0} = {827E0CD3-B72D-47B6-A68D-7590B98EB39B}
		{4E4EE37B-9898-41CF-90ED-E9D4934AD53F} = {827E0CD3-B72D-47B6-A68D-7590B98EB39B}
	EndGlobalSection
EndGlobal
